
Microsoft Visual Studio Solution File, Format Version 12.00
# Visual Studio Version 16
VisualStudioVersion = 25.0.1706.4
MinimumVisualStudioVersion = 10.0.40219.1
Project("{FAE04EC0-301F-11D3-BF4B-00C04F79EFBC}") = "BlazorEcommerce.Server", "BlazorEcommerce\Server\BlazorEcommerce.Server.csproj", "{05CFC982-9121-476D-B376-81908E6D0CB2}"
EndProject
Project("{FAE04EC0-301F-11D3-BF4B-00C04F79EFBC}") = "BlazorEcommerce.Client", "BlazorEcommerce\Client\BlazorEcommerce.Client.csproj", "{DF9F13DE-313B-4AC4-87AF-A55A876F917D}"
EndProject
Project("{FAE04EC0-301F-11D3-BF4B-00C04F79EFBC}") = "BlazorEcommerce.Shared", "BlazorEcommerce\Shared\BlazorEcommerce.Shared.csproj", "{43692B79-0FD7-4C65-92A1-296BD9BA1042}"
EndProject
Global
	GlobalSection(SolutionConfigurationPlatforms) = preSolution
		Debug|Any CPU = Debug|Any CPU
		Release|Any CPU = Release|Any CPU
	EndGlobalSection
	GlobalSection(ProjectConfigurationPlatforms) = postSolution
		{05CFC982-9121-476D-B376-81908E6D0CB2}.Debug|Any CPU.ActiveCfg = Debug|Any CPU
		{05CFC982-9121-476D-B376-81908E6D0CB2}.Debug|Any CPU.Build.0 = Debug|Any CPU
		{05CFC982-9121-476D-B376-81908E6D0CB2}.Release|Any CPU.ActiveCfg = Release|Any CPU
		{05CFC982-9121-476D-B376-81908E6D0CB2}.Release|Any CPU.Build.0 = Release|Any CPU
		{DF9F13DE-313B-4AC4-87AF-A55A876F917D}.Debug|Any CPU.ActiveCfg = Debug|Any CPU
		{DF9F13DE-313B-4AC4-87AF-A55A876F917D}.Debug|Any CPU.Build.0 = Debug|Any CPU
		{DF9F13DE-313B-4AC4-87AF-A55A876F917D}.Release|Any CPU.ActiveCfg = Release|Any CPU
		{DF9F13DE-313B-4AC4-87AF-A55A876F917D}.Release|Any CPU.Build.0 = Release|Any CPU
		{43692B79-0FD7-4C65-92A1-296BD9BA1042}.Debug|Any CPU.ActiveCfg = Debug|Any CPU
		{43692B79-0FD7-4C65-92A1-296BD9BA1042}.Debug|Any CPU.Build.0 = Debug|Any CPU
		{43692B79-0FD7-4C65-92A1-296BD9BA1042}.Release|Any CPU.ActiveCfg = Release|Any CPU
		{43692B79-0FD7-4C65-92A1-296BD9BA1042}.Release|Any CPU.Build.0 = Release|Any CPU
	EndGlobalSection
	GlobalSection(SolutionProperties) = preSolution
		HideSolutionNode = FALSE
	EndGlobalSection
	GlobalSection(ExtensibilityGlobals) = postSolution
		SolutionGuid = {860075AA-F0D4-4ED7-B148-D00F6FCAD949}
	EndGlobalSection
EndGlobal
